
Microsoft Visual Studio Solution File, Format Version 12.00
# Visual Studio Version 18
VisualStudioVersion = 18.6.11822.322
MinimumVisualStudioVersion = 10.0.40219.1
Project("{FAE04EC0-301F-11D3-BF4B-00C04F79EFBC}") = "Test", "Test\Test.csproj", "{A4D8629B-7ADA-40B3-B77F-C0A7C8F4A790}"
EndProject
Project("{FAE04EC0-301F-11D3-BF4B-00C04F79EFBC}") = "TigerSan.CsvLog", "TigerSan.CsvLog\TigerSan.CsvLog.csproj", "{8D4088E9-2817-4ED6-BCBB-C1789097F884}"
EndProject
Global
	GlobalSection(SolutionConfigurationPlatforms) = preSolution
		Debug|Any CPU = Debug|Any CPU
		Release|Any CPU = Release|Any CPU
	EndGlobalSection
	GlobalSection(ProjectConfigurationPlatforms) = postSolution
		{A4D8629B-7ADA-40B3-B77F-C0A7C8F4A790}.Debug|Any CPU.ActiveCfg = Debug|Any CPU
		{A4D8629B-7ADA-40B3-B77F-C0A7C8F4A790}.Debug|Any CPU.Build.0 = Debug|Any CPU
		{A4D8629B-7ADA-40B3-B77F-C0A7C8F4A790}.Release|Any CPU.ActiveCfg = Release|Any CPU
		{A4D8629B-7ADA-40B3-B77F-C0A7C8F4A790}.Release|Any CPU.Build.0 = Release|Any CPU
		{8D4088E9-2817-4ED6-BCBB-C1789097F884}.Debug|Any CPU.ActiveCfg = Debug|Any CPU
		{8D4088E9-2817-4ED6-BCBB-C1789097F884}.Debug|Any CPU.Build.0 = Debug|Any CPU
		{8D4088E9-2817-4ED6-BCBB-C1789097F884}.Release|Any CPU.ActiveCfg = Release|Any CPU
		{8D4088E9-2817-4ED6-BCBB-C1789097F884}.Release|Any CPU.Build.0 = Release|Any CPU
	EndGlobalSection
	GlobalSection(SolutionProperties) = preSolution
		HideSolutionNode = FALSE
	EndGlobalSection
	GlobalSection(ExtensibilityGlobals) = postSolution
		SolutionGuid = {C83AB994-13A7-4971-BCC9-6E3153F0E758}
	EndGlobalSection
EndGlobal
